
Microsoft Visual Studio Solution File, Format Version 12.00
# Visual Studio Version 17
VisualStudioVersion = 17.12.35521.163
MinimumVisualStudioVersion = 10.0.40219.1
Project("{FAE04EC0-301F-11D3-BF4B-00C04F79EFBC}") = "SalonProject", "SalonProject\SalonProject.csproj", "{7FEEFCA6-1872-43C8-948E-5F11EFF88121}"
EndProject
Project("{FAE04EC0-301F-11D3-BF4B-00C04F79EFBC}") = "Application", "Application\Application\Application.csproj", "{7963A748-A923-48E8-B42F-55993A8A0946}"
EndProject
Project("{FAE04EC0-301F-11D3-BF4B-00C04F79EFBC}") = "Domain", "Domain\Domain\Domain.csproj", "{364D9BEC-90D3-447A-9065-DBA7FAA8F1D9}"
EndProject
Project("{FAE04EC0-301F-11D3-BF4B-00C04F79EFBC}") = "Infrastructure", "Infrastructure\Infrastructure\Infrastructure.csproj", "{9515C32A-08AF-4EDA-A0BE-CCF9098DEE51}"
EndProject
Global
	GlobalSection(SolutionConfigurationPlatforms) = preSolution
		Debug|Any CPU = Debug|Any CPU
		Release|Any CPU = Release|Any CPU
	EndGlobalSection
	GlobalSection(ProjectConfigurationPlatforms) = postSolution
		{7FEEFCA6-1872-43C8-948E-5F11EFF88121}.Debug|Any CPU.ActiveCfg = Debug|Any CPU
		{7FEEFCA6-1872-43C8-948E-5F11EFF88121}.Debug|Any CPU.Build.0 = Debug|Any CPU
		{7FEEFCA6-1872-43C8-948E-5F11EFF88121}.Release|Any CPU.ActiveCfg = Release|Any CPU
		{7FEEFCA6-1872-43C8-948E-5F11EFF88121}.Release|Any CPU.Build.0 = Release|Any CPU
		{7963A748-A923-48E8-B42F-55993A8A0946}.Debug|Any CPU.ActiveCfg = Debug|Any CPU
		{7963A748-A923-48E8-B42F-55993A8A0946}.Debug|Any CPU.Build.0 = Debug|Any CPU
		{7963A748-A923-48E8-B42F-55993A8A0946}.Release|Any CPU.ActiveCfg = Release|Any CPU
		{7963A748-A923-48E8-B42F-55993A8A0946}.Release|Any CPU.Build.0 = Release|Any CPU
		{364D9BEC-90D3-447A-9065-DBA7FAA8F1D9}.Debug|Any CPU.ActiveCfg = Debug|Any CPU
		{364D9BEC-90D3-447A-9065-DBA7FAA8F1D9}.Debug|Any CPU.Build.0 = Debug|Any CPU
		{364D9BEC-90D3-447A-9065-DBA7FAA8F1D9}.Release|Any CPU.ActiveCfg = Release|Any CPU
		{364D9BEC-90D3-447A-9065-DBA7FAA8F1D9}.Release|Any CPU.Build.0 = Release|Any CPU
		{9515C32A-08AF-4EDA-A0BE-CCF9098DEE51}.Debug|Any CPU.ActiveCfg = Debug|Any CPU
		{9515C32A-08AF-4EDA-A0BE-CCF9098DEE51}.Debug|Any CPU.Build.0 = Debug|Any CPU
		{9515C32A-08AF-4EDA-A0BE-CCF9098DEE51}.Release|Any CPU.ActiveCfg = Release|Any CPU
		{9515C32A-08AF-4EDA-A0BE-CCF9098DEE51}.Release|Any CPU.Build.0 = Release|Any CPU
	EndGlobalSection
	GlobalSection(SolutionProperties) = preSolution
		HideSolutionNode = FALSE
	EndGlobalSection
EndGlobal
