
Microsoft Visual Studio Solution File, Format Version 12.00
# Visual Studio Version 17
VisualStudioVersion = 17.14.36603.0 d17.14
MinimumVisualStudioVersion = 10.0.40219.1
Project("{FAE04EC0-301F-11D3-BF4B-00C04F79EFBC}") = "Infrastructure", "Infrastructure\Infrastructure.csproj", "{DE8C356D-3AE3-4E20-9B95-CB686F585430}"
EndProject
Global
	GlobalSection(SolutionConfigurationPlatforms) = preSolution
		Debug|Any CPU = Debug|Any CPU
		Release|Any CPU = Release|Any CPU
	EndGlobalSection
	GlobalSection(ProjectConfigurationPlatforms) = postSolution
		{DE8C356D-3AE3-4E20-9B95-CB686F585430}.Debug|Any CPU.ActiveCfg = Debug|Any CPU
		{DE8C356D-3AE3-4E20-9B95-CB686F585430}.Debug|Any CPU.Build.0 = Debug|Any CPU
		{DE8C356D-3AE3-4E20-9B95-CB686F585430}.Release|Any CPU.ActiveCfg = Release|Any CPU
		{DE8C356D-3AE3-4E20-9B95-CB686F585430}.Release|Any CPU.Build.0 = Release|Any CPU
	EndGlobalSection
	GlobalSection(SolutionProperties) = preSolution
		HideSolutionNode = FALSE
	EndGlobalSection
	GlobalSection(ExtensibilityGlobals) = postSolution
		SolutionGuid = {714935D8-051F-4ECE-AC27-EB3E4A60EE08}
	EndGlobalSection
EndGlobal
